dependencies:
  idf:
    source:
      type: idf
    version: 6.0.1
  quadrature_encoder:
    dependencies: []
    source:
      path: components/quadrature_encoder
      type: local
    version: 1.0.0
  stepper_driver:
    dependencies: []
    source:
      path: components/stepper_driver
      type: local
    version: 1.0.1
direct_dependencies:
- dcoffey-lenox-laser/quadrature_encoder
- dcoffey-lenox-laser/stepper_driver
- idf
manifest_hash: 87a18a37a75d2321f2cdbc7bce532b4a9a3433ed8832206be1b4598330ae8ce1
target: esp32s3
version: 3.0.0
