dependencies:
  idf:
    source:
      type: idf
    version: 6.0.1
  quadrature_encoder:
    dependencies: []
    source:
      path: components/quadrature_encoder
      type: local
    version: 1.0.0
  stepper_driver:
    dependencies: []
    source:
      path: components/stepper_driver
      type: local
    version: 1.0.2
direct_dependencies:
- dcoffey-lenox-laser/quadrature_encoder
- dcoffey-lenox-laser/stepper_driver
- idf
manifest_hash: 0ece72b15fb819423d3c6ec67430f35f23fce1f7630174fb1ca94751ad2d2cb4
target: esp32s3
version: 3.0.0
