dependencies:
  idf:
    source:
      type: idf
    version: 6.0.1
  quadrature_encoder:
    dependencies: []
    source:
      path: components/quadrature_encoder
      type: local
    version: 1.0.0
  stepper_driver:
    dependencies: []
    source:
      path: components/stepper_driver
      type: local
    version: 1.0.0
direct_dependencies:
- dcoffey-lenox-laser/quadrature_encoder
- dcoffey-lenox-laser/stepper_driver
- idf
manifest_hash: 6d403bb80101029cd07090882cfa431d605ccafc67001fe551532c973507eafd
target: esp32s3
version: 3.0.0
