dependencies:
  dcoffey-lenox-laser/linear_axis:
    dependencies:
    - name: idf
      version: '>=4.1.0'
    - name: dcoffey-lenox-laser/quadrature_encoder
      version: ^1.0.0
    - name: dcoffey-lenox-laser/stepper_driver
      version: ^1.0.2
    source:
      path: ../..
      type: local
    version: 1.0.0
  dcoffey-lenox-laser/quadrature_encoder:
    dependencies: []
    source:
      path: ../../../quadrature_encoder
      type: local
    version: 1.0.0
  dcoffey-lenox-laser/stepper_driver:
    dependencies: []
    source:
      path: ../../../stepper_driver
      type: local
    version: 1.0.2
  idf:
    source:
      type: idf
    version: 6.0.1
direct_dependencies:
- dcoffey-lenox-laser/linear_axis
- dcoffey-lenox-laser/quadrature_encoder
- dcoffey-lenox-laser/stepper_driver
manifest_hash: 1889df6c899bee927cd32ed0c6fbb1bc37b148eba98c869732e9b9b34cc8dbba
target: esp32s3
version: 3.0.0
