dependencies:
  dcoffey-lenox-laser/linear_axis:
    dependencies:
    - name: idf
      version: '>=4.1.0'
    - name: dcoffey-lenox-laser/quadrature_encoder
      version: ^1.0.0
    - name: dcoffey-lenox-laser/stepper_driver
      version: ^1.0.0
    source:
      path: ../..
      type: local
    version: 1.0.0
  dcoffey-lenox-laser/quadrature_encoder:
    component_hash: a3b8ad210bbd6e763338768c42e52da350489d9a7423d50d7156c3fcbb4eabeb
    dependencies: []
    source:
      registry_url: https://components.espressif.com/
      type: service
    version: 1.0.0
  dcoffey-lenox-laser/stepper_driver:
    component_hash: ab92233b6d37a9f89536312fcdea25578220067ab7cba31d8d43fb04f1c44cc2
    dependencies: []
    source:
      registry_url: https://components.espressif.com/
      type: service
    version: 1.0.1
  idf:
    source:
      type: idf
    version: 6.0.1
direct_dependencies:
- dcoffey-lenox-laser/linear_axis
- dcoffey-lenox-laser/stepper_driver
manifest_hash: 09dbe8a10df9a7ffdbb6224f2de670289723512376f285f9cd9248a246dc3faf
target: esp32s3
version: 3.0.0
